
Microsoft Visual Studio Solution File, Format Version 12.00
# Visual Studio Version 17
VisualStudioVersion = 17.9.34714.143
MinimumVisualStudioVersion = 10.0.40219.1
Project("{FAE04EC0-301F-11D3-BF4B-00C04F79EFBC}") = "AuthorWebAPI", "AuthorWebAPI\AuthorWebAPI.csproj", "{7C621550-6CDA-4A12-8C84-B1344280500C}"
EndProject
Global
	GlobalSection(SolutionConfigurationPlatforms) = preSolution
		Debug|Any CPU = Debug|Any CPU
		Release|Any CPU = Release|Any CPU
	EndGlobalSection
	GlobalSection(ProjectConfigurationPlatforms) = postSolution
		{7C621550-6CDA-4A12-8C84-B1344280500C}.Debug|Any CPU.ActiveCfg = Debug|Any CPU
		{7C621550-6CDA-4A12-8C84-B1344280500C}.Debug|Any CPU.Build.0 = Debug|Any CPU
		{7C621550-6CDA-4A12-8C84-B1344280500C}.Release|Any CPU.ActiveCfg = Release|Any CPU
		{7C621550-6CDA-4A12-8C84-B1344280500C}.Release|Any CPU.Build.0 = Release|Any CPU
	EndGlobalSection
	GlobalSection(SolutionProperties) = preSolution
		HideSolutionNode = FALSE
	EndGlobalSection
	GlobalSection(ExtensibilityGlobals) = postSolution
		SolutionGuid = {060CA723-3B28-4F1C-9FD8-BB1CDCD6C4E3}
	EndGlobalSection
EndGlobal
